// !$*UTF8*$!
{
	archiveVersion = 1;
	classes = {
	};
	objectVersion = 50;
	objects = {

/* Begin PBXBuildFile section */
		6BFDE98E2659220A00A886B4 /* AppDelegate.swift in Sources */ = {isa = PBXBuildFile; fileRef = 6BFDE98D2659220A00A886B4 /* AppDelegate.swift */; };
		6BFDE9902659220A00A886B4 /* SceneDelegate.swift in Sources */ = {isa = PBXBuildFile; fileRef = 6BFDE98F2659220A00A886B4 /* SceneDelegate.swift */; };
		6BFDE9922659220A00A886B4 /* HomeViewController.swift in Sources */ = {isa = PBXBuildFile; fileRef = 6BFDE9912659220A00A886B4 /* HomeViewController.swift */; };
		6BFDE9972659220B00A886B4 /* Assets.xcassets in Resources */ = {isa = PBXBuildFile; fileRef = 6BFDE9962659220B00A886B4 /* Assets.xcassets */; };
		6BFDE99A2659220B00A886B4 /* LaunchScreen.storyboard in Resources */ = {isa = PBXBuildFile; fileRef = 6BFDE9982659220B00A886B4 /* LaunchScreen.storyboard */; };
		6BFDE9A92659260000A886B4 /* TabBarViewController.swift in Sources */ = {isa = PBXBuildFile; fileRef = 6BFDE9A82659260000A886B4 /* TabBarViewController.swift */; };
		6BFDE9AB2659262E00A886B4 /* SearchViewController.swift in Sources */ = {isa = PBXBuildFile; fileRef = 6BFDE9AA2659262E00A886B4 /* SearchViewController.swift */; };
		6BFDE9AD2659263D00A886B4 /* LibraryViewController.swift in Sources */ = {isa = PBXBuildFile; fileRef = 6BFDE9AC2659263D00A886B4 /* LibraryViewController.swift */; };
		6BFDE9B22659266A00A886B4 /* AuthViewController.swift in Sources */ = {isa = PBXBuildFile; fileRef = 6BFDE9B12659266A00A886B4 /* AuthViewController.swift */; };
		6BFDE9B42659267500A886B4 /* WelcomeViewController.swift in Sources */ = {isa = PBXBuildFile; fileRef = 6BFDE9B32659267500A886B4 /* WelcomeViewController.swift */; };
		6BFDE9B62659268000A886B4 /* SettingsViewController.swift in Sources */ = {isa = PBXBuildFile; fileRef = 6BFDE9B52659268000A886B4 /* SettingsViewController.swift */; };
		6BFDE9B82659268D00A886B4 /* ProfileViewController.swift in Sources */ = {isa = PBXBuildFile; fileRef = 6BFDE9B72659268D00A886B4 /* ProfileViewController.swift */; };
		6BFDE9BA2659269700A886B4 /* PlayerViewController.swift in Sources */ = {isa = PBXBuildFile; fileRef = 6BFDE9B92659269700A886B4 /* PlayerViewController.swift */; };
		6BFDE9BC265926A200A886B4 /* PlaylistViewController.swift in Sources */ = {isa = PBXBuildFile; fileRef = 6BFDE9BB265926A200A886B4 /* PlaylistViewController.swift */; };
		6BFDE9BE265926AC00A886B4 /* SearchResultViewController.swift in Sources */ = {isa = PBXBuildFile; fileRef = 6BFDE9BD265926AC00A886B4 /* SearchResultViewController.swift */; };
		6BFDE9C0265926CD00A886B4 /* AuthManager.swift in Sources */ = {isa = PBXBuildFile; fileRef = 6BFDE9BF265926CD00A886B4 /* AuthManager.swift */; };
		6BFDE9C2265926D700A886B4 /* APICaller.swift in Sources */ = {isa = PBXBuildFile; fileRef = 6BFDE9C1265926D700A886B4 /* APICaller.swift */; };
		6BFDE9C4265926E400A886B4 /* HapticsManager.swift in Sources */ = {isa = PBXBuildFile; fileRef = 6BFDE9C3265926E400A886B4 /* HapticsManager.swift */; };
		6BFDE9C6265926FE00A886B4 /* Playlist.swift in Sources */ = {isa = PBXBuildFile; fileRef = 6BFDE9C5265926FE00A886B4 /* Playlist.swift */; };
		6BFDE9C82659270700A886B4 /* AudioTrack.swift in Sources */ = {isa = PBXBuildFile; fileRef = 6BFDE9C72659270700A886B4 /* AudioTrack.swift */; };
		6BFDE9CA2659271200A886B4 /* Artist.swift in Sources */ = {isa = PBXBuildFile; fileRef = 6BFDE9C92659271200A886B4 /* Artist.swift */; };
		6BFDE9CC2659271E00A886B4 /* UserProfile.swift in Sources */ = {isa = PBXBuildFile; fileRef = 6BFDE9CB2659271E00A886B4 /* UserProfile.swift */; };
		6BFDE9CE265A0B6900A886B4 /* Extension.swift in Sources */ = {isa = PBXBuildFile; fileRef = 6BFDE9CD265A0B6900A886B4 /* Extension.swift */; };
/* End PBXBuildFile section */

/* Begin PBXFileReference section */
		6BFDE98A2659220A00A886B4 /* Spotify.app */ = {isa = PBXFileReference; explicitFileType = wrapper.application; includeInIndex = 0; path = Spotify.app; sourceTree = BUILT_PRODUCTS_DIR; };
		6BFDE98D2659220A00A886B4 /* AppDelegate.swift */ = {isa = PBXFileReference; lastKnownFileType = sourcecode.swift; path = AppDelegate.swift; sourceTree = "<group>"; };
		6BFDE98F2659220A00A886B4 /* SceneDelegate.swift */ = {isa = PBXFileReference; lastKnownFileType = sourcecode.swift; path = SceneDelegate.swift; sourceTree = "<group>"; };
		6BFDE9912659220A00A886B4 /* HomeViewController.swift */ = {isa = PBXFileReference; lastKnownFileType = sourcecode.swift; path = HomeViewController.swift; sourceTree = "<group>"; };
		6BFDE9962659220B00A886B4 /* Assets.xcassets */ = {isa = PBXFileReference; lastKnownFileType = folder.assetcatalog; path = Assets.xcassets; sourceTree = "<group>"; };
		6BFDE9992659220B00A886B4 /* Base */ = {isa = PBXFileReference; lastKnownFileType = file.storyboard; name = Base; path = Base.lproj/LaunchScreen.storyboard; sourceTree = "<group>"; };
		6BFDE99B2659220B00A886B4 /* Info.plist */ = {isa = PBXFileReference; lastKnownFileType = text.plist.xml; path = Info.plist; sourceTree = "<group>"; };
		6BFDE9A82659260000A886B4 /* TabBarViewController.swift */ = {isa = PBXFileReference; lastKnownFileType = sourcecode.swift; path = TabBarViewController.swift; sourceTree = "<group>"; };
		6BFDE9AA2659262E00A886B4 /* SearchViewController.swift */ = {isa = PBXFileReference; lastKnownFileType = sourcecode.swift; path = SearchViewController.swift; sourceTree = "<group>"; };
		6BFDE9AC2659263D00A886B4 /* LibraryViewController.swift */ = {isa = PBXFileReference; lastKnownFileType = sourcecode.swift; path = LibraryViewController.swift; sourceTree = "<group>"; };
		6BFDE9B12659266A00A886B4 /* AuthViewController.swift */ = {isa = PBXFileReference; lastKnownFileType = sourcecode.swift; path = AuthViewController.swift; sourceTree = "<group>"; };
		6BFDE9B32659267500A886B4 /* WelcomeViewController.swift */ = {isa = PBXFileReference; lastKnownFileType = sourcecode.swift; path = WelcomeViewController.swift; sourceTree = "<group>"; };
		6BFDE9B52659268000A886B4 /* SettingsViewController.swift */ = {isa = PBXFileReference; lastKnownFileType = sourcecode.swift; path = SettingsViewController.swift; sourceTree = "<group>"; };
		6BFDE9B72659268D00A886B4 /* ProfileViewController.swift */ = {isa = PBXFileReference; lastKnownFileType = sourcecode.swift; path = ProfileViewController.swift; sourceTree = "<group>"; };
		6BFDE9B92659269700A886B4 /* PlayerViewController.swift */ = {isa = PBXFileReference; lastKnownFileType = sourcecode.swift; path = PlayerViewController.swift; sourceTree = "<group>"; };
		6BFDE9BB265926A200A886B4 /* PlaylistViewController.swift */ = {isa = PBXFileReference; lastKnownFileType = sourcecode.swift; path = PlaylistViewController.swift; sourceTree = "<group>"; };
		6BFDE9BD265926AC00A886B4 /* SearchResultViewController.swift */ = {isa = PBXFileReference; lastKnownFileType = sourcecode.swift; path = SearchResultViewController.swift; sourceTree = "<group>"; };
		6BFDE9BF265926CD00A886B4 /* AuthManager.swift */ = {isa = PBXFileReference; lastKnownFileType = sourcecode.swift; path = AuthManager.swift; sourceTree = "<group>"; };
		6BFDE9C1265926D700A886B4 /* APICaller.swift */ = {isa = PBXFileReference; lastKnownFileType = sourcecode.swift; path = APICaller.swift; sourceTree = "<group>"; };
		6BFDE9C3265926E400A886B4 /* HapticsManager.swift */ = {isa = PBXFileReference; lastKnownFileType = sourcecode.swift; path = HapticsManager.swift; sourceTree = "<group>"; };
		6BFDE9C5265926FE00A886B4 /* Playlist.swift */ = {isa = PBXFileReference; lastKnownFileType = sourcecode.swift; path = Playlist.swift; sourceTree = "<group>"; };
		6BFDE9C72659270700A886B4 /* AudioTrack.swift */ = {isa = PBXFileReference; lastKnownFileType = sourcecode.swift; path = AudioTrack.swift; sourceTree = "<group>"; };
		6BFDE9C92659271200A886B4 /* Artist.swift */ = {isa = PBXFileReference; lastKnownFileType = sourcecode.swift; path = Artist.swift; sourceTree = "<group>"; };
		6BFDE9CB2659271E00A886B4 /* UserProfile.swift */ = {isa = PBXFileReference; lastKnownFileType = sourcecode.swift; path = UserProfile.swift; sourceTree = "<group>"; };
		6BFDE9CD265A0B6900A886B4 /* Extension.swift */ = {isa = PBXFileReference; lastKnownFileType = sourcecode.swift; path = Extension.swift; sourceTree = "<group>"; };
/* End PBXFileReference section */

/* Begin PBXFrameworksBuildPhase section */
		6BFDE9872659220A00A886B4 /* Frameworks */ = {
			isa = PBXFrameworksBuildPhase;
			buildActionMask = 2147483647;
			files = (
			);
			runOnlyForDeploymentPostprocessing = 0;
		};
/* End PBXFrameworksBuildPhase section */

/* Begin PBXGroup section */
		6BFDE9812659220A00A886B4 = {
			isa = PBXGroup;
			children = (
				6BFDE98C2659220A00A886B4 /* Spotify */,
				6BFDE98B2659220A00A886B4 /* Products */,
			);
			sourceTree = "<group>";
		};
		6BFDE98B2659220A00A886B4 /* Products */ = {
			isa = PBXGroup;
			children = (
				6BFDE98A2659220A00A886B4 /* Spotify.app */,
			);
			name = Products;
			sourceTree = "<group>";
		};
		6BFDE98C2659220A00A886B4 /* Spotify */ = {
			isa = PBXGroup;
			children = (
				6BFDE9A62659252600A886B4 /* Resources */,
				6BFDE9A52659252000A886B4 /* Manager */,
				6BFDE9A42659250900A886B4 /* ViewModel */,
				6BFDE9A32659250200A886B4 /* Model */,
				6BFDE9A72659253E00A886B4 /* Views */,
				6BFDE9A1265924F400A886B4 /* Controller */,
				6BFDE99B2659220B00A886B4 /* Info.plist */,
			);
			path = Spotify;
			sourceTree = "<group>";
		};
		6BFDE9A1265924F400A886B4 /* Controller */ = {
			isa = PBXGroup;
			children = (
				6BFDE9AF2659264F00A886B4 /* Core */,
				6BFDE9B12659266A00A886B4 /* AuthViewController.swift */,
				6BFDE9B32659267500A886B4 /* WelcomeViewController.swift */,
				6BFDE9B52659268000A886B4 /* SettingsViewController.swift */,
				6BFDE9B72659268D00A886B4 /* ProfileViewController.swift */,
				6BFDE9B92659269700A886B4 /* PlayerViewController.swift */,
				6BFDE9BB265926A200A886B4 /* PlaylistViewController.swift */,
				6BFDE9BD265926AC00A886B4 /* SearchResultViewController.swift */,
			);
			path = Controller;
			sourceTree = "<group>";
		};
		6BFDE9A32659250200A886B4 /* Model */ = {
			isa = PBXGroup;
			children = (
				6BFDE9C5265926FE00A886B4 /* Playlist.swift */,
				6BFDE9C72659270700A886B4 /* AudioTrack.swift */,
				6BFDE9C92659271200A886B4 /* Artist.swift */,
				6BFDE9CB2659271E00A886B4 /* UserProfile.swift */,
			);
			path = Model;
			sourceTree = "<group>";
		};
		6BFDE9A42659250900A886B4 /* ViewModel */ = {
			isa = PBXGroup;
			children = (
			);
			path = ViewModel;
			sourceTree = "<group>";
		};
		6BFDE9A52659252000A886B4 /* Manager */ = {
			isa = PBXGroup;
			children = (
				6BFDE9BF265926CD00A886B4 /* AuthManager.swift */,
				6BFDE9C1265926D700A886B4 /* APICaller.swift */,
				6BFDE9C3265926E400A886B4 /* HapticsManager.swift */,
			);
			path = Manager;
			sourceTree = "<group>";
		};
		6BFDE9A62659252600A886B4 /* Resources */ = {
			isa = PBXGroup;
			children = (
				6BFDE9962659220B00A886B4 /* Assets.xcassets */,
				6BFDE98D2659220A00A886B4 /* AppDelegate.swift */,
				6BFDE98F2659220A00A886B4 /* SceneDelegate.swift */,
				6BFDE9CD265A0B6900A886B4 /* Extension.swift */,
			);
			path = Resources;
			sourceTree = "<group>";
		};
		6BFDE9A72659253E00A886B4 /* Views */ = {
			isa = PBXGroup;
			children = (
				6BFDE9982659220B00A886B4 /* LaunchScreen.storyboard */,
			);
			path = Views;
			sourceTree = "<group>";
		};
		6BFDE9AF2659264F00A886B4 /* Core */ = {
			isa = PBXGroup;
			children = (
				6BFDE9912659220A00A886B4 /* HomeViewController.swift */,
				6BFDE9A82659260000A886B4 /* TabBarViewController.swift */,
				6BFDE9AA2659262E00A886B4 /* SearchViewController.swift */,
				6BFDE9AC2659263D00A886B4 /* LibraryViewController.swift */,
			);
			path = Core;
			sourceTree = "<group>";
		};
/* End PBXGroup section */

/* Begin PBXNativeTarget section */
		6BFDE9892659220A00A886B4 /* Spotify */ = {
			isa = PBXNativeTarget;
			buildConfigurationList = 6BFDE99E2659220B00A886B4 /* Build configuration list for PBXNativeTarget "Spotify" */;
			buildPhases = (
				6BFDE9862659220A00A886B4 /* Sources */,
				6BFDE9872659220A00A886B4 /* Frameworks */,
				6BFDE9882659220A00A886B4 /* Resources */,
			);
			buildRules = (
			);
			dependencies = (
			);
			name = Spotify;
			productName = Spotify;
			productReference = 6BFDE98A2659220A00A886B4 /* Spotify.app */;
			productType = "com.apple.product-type.application";
		};
/* End PBXNativeTarget section */

/* Begin PBXProject section */
		6BFDE9822659220A00A886B4 /* Project object */ = {
			isa = PBXProject;
			attributes = {
				LastSwiftUpdateCheck = 1250;
				LastUpgradeCheck = 1250;
				TargetAttributes = {
					6BFDE9892659220A00A886B4 = {
						CreatedOnToolsVersion = 12.5;
					};
				};
			};
			buildConfigurationList = 6BFDE9852659220A00A886B4 /* Build configuration list for PBXProject "Spotify" */;
			compatibilityVersion = "Xcode 9.3";
			developmentRegion = en;
			hasScannedForEncodings = 0;
			knownRegions = (
				en,
				Base,
			);
			mainGroup = 6BFDE9812659220A00A886B4;
			productRefGroup = 6BFDE98B2659220A00A886B4 /* Products */;
			projectDirPath = "";
			projectRoot = "";
			targets = (
				6BFDE9892659220A00A886B4 /* Spotify */,
			);
		};
/* End PBXProject section */

/* Begin PBXResourcesBuildPhase section */
		6BFDE9882659220A00A886B4 /* Resources */ = {
			isa = PBXResourcesBuildPhase;
			buildActionMask = 2147483647;
			files = (
				6BFDE99A2659220B00A886B4 /* LaunchScreen.storyboard in Resources */,
				6BFDE9972659220B00A886B4 /* Assets.xcassets in Resources */,
			);
			runOnlyForDeploymentPostprocessing = 0;
		};
/* End PBXResourcesBuildPhase section */

/* Begin PBXSourcesBuildPhase section */
		6BFDE9862659220A00A886B4 /* Sources */ = {
			isa = PBXSourcesBuildPhase;
			buildActionMask = 2147483647;
			files = (
				6BFDE9AB2659262E00A886B4 /* SearchViewController.swift in Sources */,
				6BFDE9C6265926FE00A886B4 /* Playlist.swift in Sources */,
				6BFDE9C0265926CD00A886B4 /* AuthManager.swift in Sources */,
				6BFDE9B42659267500A886B4 /* WelcomeViewController.swift in Sources */,
				6BFDE9B82659268D00A886B4 /* ProfileViewController.swift in Sources */,
				6BFDE9A92659260000A886B4 /* TabBarViewController.swift in Sources */,
				6BFDE9922659220A00A886B4 /* HomeViewController.swift in Sources */,
				6BFDE9C4265926E400A886B4 /* HapticsManager.swift in Sources */,
				6BFDE9C82659270700A886B4 /* AudioTrack.swift in Sources */,
				6BFDE9CE265A0B6900A886B4 /* Extension.swift in Sources */,
				6BFDE9B22659266A00A886B4 /* AuthViewController.swift in Sources */,
				6BFDE98E2659220A00A886B4 /* AppDelegate.swift in Sources */,
				6BFDE9AD2659263D00A886B4 /* LibraryViewController.swift in Sources */,
				6BFDE9CC2659271E00A886B4 /* UserProfile.swift in Sources */,
				6BFDE9BC265926A200A886B4 /* PlaylistViewController.swift in Sources */,
				6BFDE9CA2659271200A886B4 /* Artist.swift in Sources */,
				6BFDE9902659220A00A886B4 /* SceneDelegate.swift in Sources */,
				6BFDE9BA2659269700A886B4 /* PlayerViewController.swift in Sources */,
				6BFDE9BE265926AC00A886B4 /* SearchResultViewController.swift in Sources */,
				6BFDE9C2265926D700A886B4 /* APICaller.swift in Sources */,
				6BFDE9B62659268000A886B4 /* SettingsViewController.swift in Sources */,
			);
			runOnlyForDeploymentPostprocessing = 0;
		};
/* End PBXSourcesBuildPhase section */

/* Begin PBXVariantGroup section */
		6BFDE9982659220B00A886B4 /* LaunchScreen.storyboard */ = {
			isa = PBXVariantGroup;
			children = (
				6BFDE9992659220B00A886B4 /* Base */,
			);
			name = LaunchScreen.storyboard;
			sourceTree = "<group>";
		};
/* End PBXVariantGroup section */

/* Begin XCBuildConfiguration section */
		6BFDE99C2659220B00A886B4 /* Debug */ = {
			isa = XCBuildConfiguration;
			buildSettings = {
				ALWAYS_SEARCH_USER_PATHS = NO;
				CLANG_ANALYZER_NONNULL = YES;
				CLANG_ANALYZER_NUMBER_OBJECT_CONVERSION = YES_AGGRESSIVE;
				CLANG_CXX_LANGUAGE_STANDARD = "gnu++14";
				CLANG_CXX_LIBRARY = "libc++";
				CLANG_ENABLE_MODULES = YES;
				CLANG_ENABLE_OBJC_ARC = YES;
				CLANG_ENABLE_OBJC_WEAK = YES;
				CLANG_WARN_BLOCK_CAPTURE_AUTORELEASING = YES;
				CLANG_WARN_BOOL_CONVERSION = YES;
				CLANG_WARN_COMMA = YES;
				CLANG_WARN_CONSTANT_CONVERSION = YES;
				CLANG_WARN_DEPRECATED_OBJC_IMPLEMENTATIONS = YES;
				CLANG_WARN_DIRECT_OBJC_ISA_USAGE = YES_ERROR;
				CLANG_WARN_DOCUMENTATION_COMMENTS = YES;
				CLANG_WARN_EMPTY_BODY = YES;
				CLANG_WARN_ENUM_CONVERSION = YES;
				CLANG_WARN_INFINITE_RECURSION = YES;
				CLANG_WARN_INT_CONVERSION = YES;
				CLANG_WARN_NON_LITERAL_NULL_CONVERSION = YES;
				CLANG_WARN_OBJC_IMPLICIT_RETAIN_SELF = YES;
				CLANG_WARN_OBJC_LITERAL_CONVERSION = YES;
				CLANG_WARN_OBJC_ROOT_CLASS = YES_ERROR;
				CLANG_WARN_QUOTED_INCLUDE_IN_FRAMEWORK_HEADER = YES;
				CLANG_WARN_RANGE_LOOP_ANALYSIS = YES;
				CLANG_WARN_STRICT_PROTOTYPES = YES;
				CLANG_WARN_SUSPICIOUS_MOVE = YES;
				CLANG_WARN_UNGUARDED_AVAILABILITY = YES_AGGRESSIVE;
				CLANG_WARN_UNREACHABLE_CODE = YES;
				CLANG_WARN__DUPLICATE_METHOD_MATCH = YES;
				COPY_PHASE_STRIP = NO;
				DEBUG_INFORMATION_FORMAT = dwarf;
				ENABLE_STRICT_OBJC_MSGSEND = YES;
				ENABLE_TESTABILITY = YES;
				GCC_C_LANGUAGE_STANDARD = gnu11;
				GCC_DYNAMIC_NO_PIC = NO;
				GCC_NO_COMMON_BLOCKS = YES;
				GCC_OPTIMIZATION_LEVEL = 0;
				GCC_PREPROCESSOR_DEFINITIONS = (
					"DEBUG=1",
					"$(inherited)",
				);
				GCC_WARN_64_TO_32_BIT_CONVERSION = YES;
				GCC_WARN_ABOUT_RETURN_TYPE = YES_ERROR;
				GCC_WARN_UNDECLARED_SELECTOR = YES;
				GCC_WARN_UNINITIALIZED_AUTOS = YES_AGGRESSIVE;
				GCC_WARN_UNUSED_FUNCTION = YES;
				GCC_WARN_UNUSED_VARIABLE = YES;
				IPHONEOS_DEPLOYMENT_TARGET = 14.5;
				MTL_ENABLE_DEBUG_INFO = INCLUDE_SOURCE;
				MTL_FAST_MATH = YES;
				ONLY_ACTIVE_ARCH = YES;
				SDKROOT = iphoneos;
				SWIFT_ACTIVE_COMPILATION_CONDITIONS = DEBUG;
				SWIFT_OPTIMIZATION_LEVEL = "-Onone";
			};
			name = Debug;
		};
		6BFDE99D2659220B00A886B4 /* Release */ = {
			isa = XCBuildConfiguration;
			buildSettings = {
				ALWAYS_SEARCH_USER_PATHS = NO;
				CLANG_ANALYZER_NONNULL = YES;
				CLANG_ANALYZER_NUMBER_OBJECT_CONVERSION = YES_AGGRESSIVE;
				CLANG_CXX_LANGUAGE_STANDARD = "gnu++14";
				CLANG_CXX_LIBRARY = "libc++";
				CLANG_ENABLE_MODULES = YES;
				CLANG_ENABLE_OBJC_ARC = YES;
				CLANG_ENABLE_OBJC_WEAK = YES;
				CLANG_WARN_BLOCK_CAPTURE_AUTORELEASING = YES;
				CLANG_WARN_BOOL_CONVERSION = YES;
				CLANG_WARN_COMMA = YES;
				CLANG_WARN_CONSTANT_CONVERSION = YES;
				CLANG_WARN_DEPRECATED_OBJC_IMPLEMENTATIONS = YES;
				CLANG_WARN_DIRECT_OBJC_ISA_USAGE = YES_ERROR;
				CLANG_WARN_DOCUMENTATION_COMMENTS = YES;
				CLANG_WARN_EMPTY_BODY = YES;
				CLANG_WARN_ENUM_CONVERSION = YES;
				CLANG_WARN_INFINITE_RECURSION = YES;
				CLANG_WARN_INT_CONVERSION = YES;
				CLANG_WARN_NON_LITERAL_NULL_CONVERSION = YES;
				CLANG_WARN_OBJC_IMPLICIT_RETAIN_SELF = YES;
				CLANG_WARN_OBJC_LITERAL_CONVERSION = YES;
				CLANG_WARN_OBJC_ROOT_CLASS = YES_ERROR;
				CLANG_WARN_QUOTED_INCLUDE_IN_FRAMEWORK_HEADER = YES;
				CLANG_WARN_RANGE_LOOP_ANALYSIS = YES;
				CLANG_WARN_STRICT_PROTOTYPES = YES;
				CLANG_WARN_SUSPICIOUS_MOVE = YES;
				CLANG_WARN_UNGUARDED_AVAILABILITY = YES_AGGRESSIVE;
				CLANG_WARN_UNREACHABLE_CODE = YES;
				CLANG_WARN__DUPLICATE_METHOD_MATCH = YES;
				COPY_PHASE_STRIP = NO;
				DEBUG_INFORMATION_FORMAT = "dwarf-with-dsym";
				ENABLE_NS_ASSERTIONS = NO;
				ENABLE_STRICT_OBJC_MSGSEND = YES;
				GCC_C_LANGUAGE_STANDARD = gnu11;
				GCC_NO_COMMON_BLOCKS = YES;
				GCC_WARN_64_TO_32_BIT_CONVERSION = YES;
				GCC_WARN_ABOUT_RETURN_TYPE = YES_ERROR;
				GCC_WARN_UNDECLARED_SELECTOR = YES;
				GCC_WARN_UNINITIALIZED_AUTOS = YES_AGGRESSIVE;
				GCC_WARN_UNUSED_FUNCTION = YES;
				GCC_WARN_UNUSED_VARIABLE = YES;
				IPHONEOS_DEPLOYMENT_TARGET = 14.5;
				MTL_ENABLE_DEBUG_INFO = NO;
				MTL_FAST_MATH = YES;
				SDKROOT = iphoneos;
				SWIFT_COMPILATION_MODE = wholemodule;
				SWIFT_OPTIMIZATION_LEVEL = "-O";
				VALIDATE_PRODUCT = YES;
			};
			name = Release;
		};
		6BFDE99F2659220B00A886B4 /* Debug */ = {
			isa = XCBuildConfiguration;
			buildSettings = {
				ASSETCATALOG_COMPILER_APPICON_NAME = AppIcon;
				ASSETCATALOG_COMPILER_GLOBAL_ACCENT_COLOR_NAME = AccentColor;
				CODE_SIGN_STYLE = Automatic;
				DEVELOPMENT_TEAM = A6SVV7LMGJ;
				INFOPLIST_FILE = Spotify/Info.plist;
				LD_RUNPATH_SEARCH_PATHS = (
					"$(inherited)",
					"@executable_path/Frameworks",
				);
				PRODUCT_BUNDLE_IDENTIFIER = edolorenza.codes.Spotify;
				PRODUCT_NAME = "$(TARGET_NAME)";
				SWIFT_VERSION = 5.0;
				TARGETED_DEVICE_FAMILY = "1,2";
			};
			name = Debug;
		};
		6BFDE9A02659220B00A886B4 /* Release */ = {
			isa = XCBuildConfiguration;
			buildSettings = {
				ASSETCATALOG_COMPILER_APPICON_NAME = AppIcon;
				ASSETCATALOG_COMPILER_GLOBAL_ACCENT_COLOR_NAME = AccentColor;
				CODE_SIGN_STYLE = Automatic;
				DEVELOPMENT_TEAM = A6SVV7LMGJ;
				INFOPLIST_FILE = Spotify/Info.plist;
				LD_RUNPATH_SEARCH_PATHS = (
					"$(inherited)",
					"@executable_path/Frameworks",
				);
				PRODUCT_BUNDLE_IDENTIFIER = edolorenza.codes.Spotify;
				PRODUCT_NAME = "$(TARGET_NAME)";
				SWIFT_VERSION = 5.0;
				TARGETED_DEVICE_FAMILY = "1,2";
			};
			name = Release;
		};
/* End XCBuildConfiguration section */

/* Begin XCConfigurationList section */
		6BFDE9852659220A00A886B4 /* Build configuration list for PBXProject "Spotify" */ = {
			isa = XCConfigurationList;
			buildConfigurations = (
				6BFDE99C2659220B00A886B4 /* Debug */,
				6BFDE99D2659220B00A886B4 /* Release */,
			);
			defaultConfigurationIsVisible = 0;
			defaultConfigurationName = Release;
		};
		6BFDE99E2659220B00A886B4 /* Build configuration list for PBXNativeTarget "Spotify" */ = {
			isa = XCConfigurationList;
			buildConfigurations = (
				6BFDE99F2659220B00A886B4 /* Debug */,
				6BFDE9A02659220B00A886B4 /* Release */,
			);
			defaultConfigurationIsVisible = 0;
			defaultConfigurationName = Release;
		};
/* End XCConfigurationList section */
	};
	rootObject = 6BFDE9822659220A00A886B4 /* Project object */;
}
